// !$*UTF8*$!
{
	archiveVersion = 1;
	classes = {
	};
	objectVersion = 46;
	objects = {

/* Begin PBXBuildFile section */
		BD766F331A680A1C0076D11E /* main.m in Sources */ = {isa = PBXBuildFile; fileRef = BD766F321A680A1C0076D11E /* main.m */; };
		BD766F361A680A1C0076D11E /* AppDelegate.m in Sources */ = {isa = PBXBuildFile; fileRef = BD766F351A680A1C0076D11E /* AppDelegate.m */; };
		BD766F391A680A1C0076D11E /* ViewController.m in Sources */ = {isa = PBXBuildFile; fileRef = BD766F381A680A1C0076D11E /* ViewController.m */; };
		BD766F3C1A680A1C0076D11E /* Main.storyboard in Resources */ = {isa = PBXBuildFile; fileRef = BD766F3A1A680A1C0076D11E /* Main.storyboard */; };
		BD766F3E1A680A1C0076D11E /* Images.xcassets in Resources */ = {isa = PBXBuildFile; fileRef = BD766F3D1A680A1C0076D11E /* Images.xcassets */; };
		BD766F411A680A1C0076D11E /* LaunchScreen.xib in Resources */ = {isa = PBXBuildFile; fileRef = BD766F3F1A680A1C0076D11E /* LaunchScreen.xib */; };
		BD766F4D1A680A1C0076D11E /* ResearchRunTimeTests.m in Sources */ = {isa = PBXBuildFile; fileRef = BD766F4C1A680A1C0076D11E /* ResearchRunTimeTests.m */; };
/* End PBXBuildFile section */

/* Begin PBXContainerItemProxy section */
		BD766F471A680A1C0076D11E /* PBXContainerItemProxy */ = {
			isa = PBXContainerItemProxy;
			containerPortal = BD766F251A680A1C0076D11E /* Project object */;
			proxyType = 1;
			remoteGlobalIDString = BD766F2C1A680A1C0076D11E;
			remoteInfo = ResearchRunTime;
		};
/* End PBXContainerItemProxy section */

/* Begin PBXFileReference section */
		BD766F2D1A680A1C0076D11E /* ResearchRunTime.app */ = {isa = PBXFileReference; explicitFileType = wrapper.application; includeInIndex = 0; path = ResearchRunTime.app; sourceTree = BUILT_PRODUCTS_DIR; };
		BD766F311A680A1C0076D11E /* Info.plist */ = {isa = PBXFileReference; lastKnownFileType = text.plist.xml; path = Info.plist; sourceTree = "<group>"; };
		BD766F321A680A1C0076D11E /* main.m */ = {isa = PBXFileReference; lastKnownFileType = sourcecode.c.objc; path = main.m; sourceTree = "<group>"; };
		BD766F341A680A1C0076D11E /* AppDelegate.h */ = {isa = PBXFileReference; lastKnownFileType = sourcecode.c.h; path = AppDelegate.h; sourceTree = "<group>"; };
		BD766F351A680A1C0076D11E /* AppDelegate.m */ = {isa = PBXFileReference; lastKnownFileType = sourcecode.c.objc; path = AppDelegate.m; sourceTree = "<group>"; };
		BD766F371A680A1C0076D11E /* ViewController.h */ = {isa = PBXFileReference; lastKnownFileType = sourcecode.c.h; path = ViewController.h; sourceTree = "<group>"; };
		BD766F381A680A1C0076D11E /* ViewController.m */ = {isa = PBXFileReference; lastKnownFileType = sourcecode.c.objc; path = ViewController.m; sourceTree = "<group>"; };
		BD766F3B1A680A1C0076D11E /* Base */ = {isa = PBXFileReference; lastKnownFileType = file.storyboard; name = Base; path = Base.lproj/Main.storyboard; sourceTree = "<group>"; };
		BD766F3D1A680A1C0076D11E /* Images.xcassets */ = {isa = PBXFileReference; lastKnownFileType = folder.assetcatalog; path = Images.xcassets; sourceTree = "<group>"; };
		BD766F401A680A1C0076D11E /* Base */ = {isa = PBXFileReference; lastKnownFileType = file.xib; name = Base; path = Base.lproj/LaunchScreen.xib; sourceTree = "<group>"; };
		BD766F461A680A1C0076D11E /* ResearchRunTimeTests.xctest */ = {isa = PBXFileReference; explicitFileType = wrapper.cfbundle; includeInIndex = 0; path = ResearchRunTimeTests.xctest; sourceTree = BUILT_PRODUCTS_DIR; };
		BD766F4B1A680A1C0076D11E /* Info.plist */ = {isa = PBXFileReference; lastKnownFileType = text.plist.xml; path = Info.plist; sourceTree = "<group>"; };
		BD766F4C1A680A1C0076D11E /* ResearchRunTimeTests.m */ = {isa = PBXFileReference; lastKnownFileType = sourcecode.c.objc; path = ResearchRunTimeTests.m; sourceTree = "<group>"; };
/* End PBXFileReference section */

/* Begin PBXFrameworksBuildPhase section */
		BD766F2A1A680A1C0076D11E /* Frameworks */ = {
			isa = PBXFrameworksBuildPhase;
			buildActionMask = 2147483647;
			files = (
			);
			runOnlyForDeploymentPostprocessing = 0;
		};
		BD766F431A680A1C0076D11E /* Frameworks */ = {
			isa = PBXFrameworksBuildPhase;
			buildActionMask = 2147483647;
			files = (
			);
			runOnlyForDeploymentPostprocessing = 0;
		};
/* End PBXFrameworksBuildPhase section */

/* Begin PBXGroup section */
		BD766F241A680A1C0076D11E = {
			isa = PBXGroup;
			children = (
				BD766F2F1A680A1C0076D11E /* ResearchRunTime */,
				BD766F491A680A1C0076D11E /* ResearchRunTimeTests */,
				BD766F2E1A680A1C0076D11E /* Products */,
			);
			sourceTree = "<group>";
		};
		BD766F2E1A680A1C0076D11E /* Products */ = {
			isa = PBXGroup;
			children = (
				BD766F2D1A680A1C0076D11E /* ResearchRunTime.app */,
				BD766F461A680A1C0076D11E /* ResearchRunTimeTests.xctest */,
			);
			name = Products;
			sourceTree = "<group>";
		};
		BD766F2F1A680A1C0076D11E /* ResearchRunTime */ = {
			isa = PBXGroup;
			children = (
				BD766F341A680A1C0076D11E /* AppDelegate.h */,
				BD766F351A680A1C0076D11E /* AppDelegate.m */,
				BD766F371A680A1C0076D11E /* ViewController.h */,
				BD766F381A680A1C0076D11E /* ViewController.m */,
				BD766F3A1A680A1C0076D11E /* Main.storyboard */,
				BD766F3D1A680A1C0076D11E /* Images.xcassets */,
				BD766F3F1A680A1C0076D11E /* LaunchScreen.xib */,
				BD766F301A680A1C0076D11E /* Supporting Files */,
			);
			path = ResearchRunTime;
			sourceTree = "<group>";
		};
		BD766F301A680A1C0076D11E /* Supporting Files */ = {
			isa = PBXGroup;
			children = (
				BD766F311A680A1C0076D11E /* Info.plist */,
				BD766F321A680A1C0076D11E /* main.m */,
			);
			name = "Supporting Files";
			sourceTree = "<group>";
		};
		BD766F491A680A1C0076D11E /* ResearchRunTimeTests */ = {
			isa = PBXGroup;
			children = (
				BD766F4C1A680A1C0076D11E /* ResearchRunTimeTests.m */,
				BD766F4A1A680A1C0076D11E /* Supporting Files */,
			);
			path = ResearchRunTimeTests;
			sourceTree = "<group>";
		};
		BD766F4A1A680A1C0076D11E /* Supporting Files */ = {
			isa = PBXGroup;
			children = (
				BD766F4B1A680A1C0076D11E /* Info.plist */,
			);
			name = "Supporting Files";
			sourceTree = "<group>";
		};
/* End PBXGroup section */

/* Begin PBXNativeTarget section */
		BD766F2C1A680A1C0076D11E /* ResearchRunTime */ = {
			isa = PBXNativeTarget;
			buildConfigurationList = BD766F501A680A1C0076D11E /* Build configuration list for PBXNativeTarget "ResearchRunTime" */;
			buildPhases = (
				BD766F291A680A1C0076D11E /* Sources */,
				BD766F2A1A680A1C0076D11E /* Frameworks */,
				BD766F2B1A680A1C0076D11E /* Resources */,
			);
			buildRules = (
			);
			dependencies = (
			);
			name = ResearchRunTime;
			productName = ResearchRunTime;
			productReference = BD766F2D1A680A1C0076D11E /* ResearchRunTime.app */;
			productType = "com.apple.product-type.application";
		};
		BD766F451A680A1C0076D11E /* ResearchRunTimeTests */ = {
			isa = PBXNativeTarget;
			buildConfigurationList = BD766F531A680A1C0076D11E /* Build configuration list for PBXNativeTarget "ResearchRunTimeTests" */;
			buildPhases = (
				BD766F421A680A1C0076D11E /* Sources */,
				BD766F431A680A1C0076D11E /* Frameworks */,
				BD766F441A680A1C0076D11E /* Resources */,
			);
			buildRules = (
			);
			dependencies = (
				BD766F481A680A1C0076D11E /* PBXTargetDependency */,
			);
			name = ResearchRunTimeTests;
			productName = ResearchRunTimeTests;
			productReference = BD766F461A680A1C0076D11E /* ResearchRunTimeTests.xctest */;
			productType = "com.apple.product-type.bundle.unit-test";
		};
/* End PBXNativeTarget section */

/* Begin PBXProject section */
		BD766F251A680A1C0076D11E /* Project object */ = {
			isa = PBXProject;
			attributes = {
				LastUpgradeCheck = 0610;
				ORGANIZATIONNAME = "刘 亚东";
				TargetAttributes = {
					BD766F2C1A680A1C0076D11E = {
						CreatedOnToolsVersion = 6.1;
					};
					BD766F451A680A1C0076D11E = {
						CreatedOnToolsVersion = 6.1;
						TestTargetID = BD766F2C1A680A1C0076D11E;
					};
				};
			};
			buildConfigurationList = BD766F281A680A1C0076D11E /* Build configuration list for PBXProject "ResearchRunTime" */;
			compatibilityVersion = "Xcode 3.2";
			developmentRegion = English;
			hasScannedForEncodings = 0;
			knownRegions = (
				en,
				Base,
			);
			mainGroup = BD766F241A680A1C0076D11E;
			productRefGroup = BD766F2E1A680A1C0076D11E /* Products */;
			projectDirPath = "";
			projectRoot = "";
			targets = (
				BD766F2C1A680A1C0076D11E /* ResearchRunTime */,
				BD766F451A680A1C0076D11E /* ResearchRunTimeTests */,
			);
		};
/* End PBXProject section */

/* Begin PBXResourcesBuildPhase section */
		BD766F2B1A680A1C0076D11E /* Resources */ = {
			isa = PBXResourcesBuildPhase;
			buildActionMask = 2147483647;
			files = (
				BD766F3C1A680A1C0076D11E /* Main.storyboard in Resources */,
				BD766F411A680A1C0076D11E /* LaunchScreen.xib in Resources */,
				BD766F3E1A680A1C0076D11E /* Images.xcassets in Resources */,
			);
			runOnlyForDeploymentPostprocessing = 0;
		};
		BD766F441A680A1C0076D11E /* Resources */ = {
			isa = PBXResourcesBuildPhase;
			buildActionMask = 2147483647;
			files = (
			);
			runOnlyForDeploymentPostprocessing = 0;
		};
/* End PBXResourcesBuildPhase section */

/* Begin PBXSourcesBuildPhase section */
		BD766F291A680A1C0076D11E /* Sources */ = {
			isa = PBXSourcesBuildPhase;
			buildActionMask = 2147483647;
			files = (
				BD766F391A680A1C0076D11E /* ViewController.m in Sources */,
				BD766F361A680A1C0076D11E /* AppDelegate.m in Sources */,
				BD766F331A680A1C0076D11E /* main.m in Sources */,
			);
			runOnlyForDeploymentPostprocessing = 0;
		};
		BD766F421A680A1C0076D11E /* Sources */ = {
			isa = PBXSourcesBuildPhase;
			buildActionMask = 2147483647;
			files = (
				BD766F4D1A680A1C0076D11E /* ResearchRunTimeTests.m in Sources */,
			);
			runOnlyForDeploymentPostprocessing = 0;
		};
/* End PBXSourcesBuildPhase section */

/* Begin PBXTargetDependency section */
		BD766F481A680A1C0076D11E /* PBXTargetDependency */ = {
			isa = PBXTargetDependency;
			target = BD766F2C1A680A1C0076D11E /* ResearchRunTime */;
			targetProxy = BD766F471A680A1C0076D11E /* PBXContainerItemProxy */;
		};
/* End PBXTargetDependency section */

/* Begin PBXVariantGroup section */
		BD766F3A1A680A1C0076D11E /* Main.storyboard */ = {
			isa = PBXVariantGroup;
			children = (
				BD766F3B1A680A1C0076D11E /* Base */,
			);
			name = Main.storyboard;
			sourceTree = "<group>";
		};
		BD766F3F1A680A1C0076D11E /* LaunchScreen.xib */ = {
			isa = PBXVariantGroup;
			children = (
				BD766F401A680A1C0076D11E /* Base */,
			);
			name = LaunchScreen.xib;
			sourceTree = "<group>";
		};
/* End PBXVariantGroup section */

/* Begin XCBuildConfiguration section */
		BD766F4E1A680A1C0076D11E /* Debug */ = {
			isa = XCBuildConfiguration;
			buildSettings = {
				ALWAYS_SEARCH_USER_PATHS = NO;
				CLANG_CXX_LANGUAGE_STANDARD = "gnu++0x";
				CLANG_CXX_LIBRARY = "libc++";
				CLANG_ENABLE_MODULES = YES;
				CLANG_ENABLE_OBJC_ARC = YES;
				CLANG_WARN_BOOL_CONVERSION = YES;
				CLANG_WARN_CONSTANT_CONVERSION = YES;
				CLANG_WARN_DIRECT_OBJC_ISA_USAGE = YES_ERROR;
				CLANG_WARN_EMPTY_BODY = YES;
				CLANG_WARN_ENUM_CONVERSION = YES;
				CLANG_WARN_INT_CONVERSION = YES;
				CLANG_WARN_OBJC_ROOT_CLASS = YES_ERROR;
				CLANG_WARN_UNREACHABLE_CODE = YES;
				CLANG_WARN__DUPLICATE_METHOD_MATCH = YES;
				"CODE_SIGN_IDENTITY[sdk=iphoneos*]" = "iPhone Developer";
				COPY_PHASE_STRIP = NO;
				ENABLE_STRICT_OBJC_MSGSEND = YES;
				GCC_C_LANGUAGE_STANDARD = gnu99;
				GCC_DYNAMIC_NO_PIC = NO;
				GCC_OPTIMIZATION_LEVEL = 0;
				GCC_PREPROCESSOR_DEFINITIONS = (
					"DEBUG=1",
					"$(inherited)",
				);
				GCC_SYMBOLS_PRIVATE_EXTERN = NO;
				GCC_WARN_64_TO_32_BIT_CONVERSION = YES;
				GCC_WARN_ABOUT_RETURN_TYPE = YES_ERROR;
				GCC_WARN_UNDECLARED_SELECTOR = YES;
				GCC_WARN_UNINITIALIZED_AUTOS = YES_AGGRESSIVE;
				GCC_WARN_UNUSED_FUNCTION = YES;
				GCC_WARN_UNUSED_VARIABLE = YES;
				IPHONEOS_DEPLOYMENT_TARGET = 8.1;
				MTL_ENABLE_DEBUG_INFO = YES;
				ONLY_ACTIVE_ARCH = YES;
				SDKROOT = iphoneos;
			};
			name = Debug;
		};
		BD766F4F1A680A1C0076D11E /* Release */ = {
			isa = XCBuildConfiguration;
			buildSettings = {
				ALWAYS_SEARCH_USER_PATHS = NO;
				CLANG_CXX_LANGUAGE_STANDARD = "gnu++0x";
				CLANG_CXX_LIBRARY = "libc++";
				CLANG_ENABLE_MODULES = YES;
				CLANG_ENABLE_OBJC_ARC = YES;
				CLANG_WARN_BOOL_CONVERSION = YES;
				CLANG_WARN_CONSTANT_CONVERSION = YES;
				CLANG_WARN_DIRECT_OBJC_ISA_USAGE = YES_ERROR;
				CLANG_WARN_EMPTY_BODY = YES;
				CLANG_WARN_ENUM_CONVERSION = YES;
				CLANG_WARN_INT_CONVERSION = YES;
				CLANG_WARN_OBJC_ROOT_CLASS = YES_ERROR;
				CLANG_WARN_UNREACHABLE_CODE = YES;
				CLANG_WARN__DUPLICATE_METHOD_MATCH = YES;
				"CODE_SIGN_IDENTITY[sdk=iphoneos*]" = "iPhone Developer";
				COPY_PHASE_STRIP = YES;
				ENABLE_NS_ASSERTIONS = NO;
				ENABLE_STRICT_OBJC_MSGSEND = YES;
				GCC_C_LANGUAGE_STANDARD = gnu99;
				GCC_WARN_64_TO_32_BIT_CONVERSION = YES;
				GCC_WARN_ABOUT_RETURN_TYPE = YES_ERROR;
				GCC_WARN_UNDECLARED_SELECTOR = YES;
				GCC_WARN_UNINITIALIZED_AUTOS = YES_AGGRESSIVE;
				GCC_WARN_UNUSED_FUNCTION = YES;
				GCC_WARN_UNUSED_VARIABLE = YES;
				IPHONEOS_DEPLOYMENT_TARGET = 8.1;
				MTL_ENABLE_DEBUG_INFO = NO;
				SDKROOT = iphoneos;
				VALIDATE_PRODUCT = YES;
			};
			name = Release;
		};
		BD766F511A680A1C0076D11E /* Debug */ = {
			isa = XCBuildConfiguration;
			buildSettings = {
				ASSETCATALOG_COMPILER_APPICON_NAME = AppIcon;
				INFOPLIST_FILE = ResearchRunTime/Info.plist;
				LD_RUNPATH_SEARCH_PATHS = "$(inherited) @executable_path/Frameworks";
				PRODUCT_NAME = "$(TARGET_NAME)";
			};
			name = Debug;
		};
		BD766F521A680A1C0076D11E /* Release */ = {
			isa = XCBuildConfiguration;
			buildSettings = {
				ASSETCATALOG_COMPILER_APPICON_NAME = AppIcon;
				INFOPLIST_FILE = ResearchRunTime/Info.plist;
				LD_RUNPATH_SEARCH_PATHS = "$(inherited) @executable_path/Frameworks";
				PRODUCT_NAME = "$(TARGET_NAME)";
			};
			name = Release;
		};
		BD766F541A680A1C0076D11E /* Debug */ = {
			isa = XCBuildConfiguration;
			buildSettings = {
				BUNDLE_LOADER = "$(TEST_HOST)";
				FRAMEWORK_SEARCH_PATHS = (
					"$(SDKROOT)/Developer/Library/Frameworks",
					"$(inherited)",
				);
				GCC_PREPROCESSOR_DEFINITIONS = (
					"DEBUG=1",
					"$(inherited)",
				);
				INFOPLIST_FILE = ResearchRunTimeTests/Info.plist;
				LD_RUNPATH_SEARCH_PATHS = "$(inherited) @executable_path/Frameworks @loader_path/Frameworks";
				PRODUCT_NAME = "$(TARGET_NAME)";
				TEST_HOST = "$(BUILT_PRODUCTS_DIR)/ResearchRunTime.app/ResearchRunTime";
			};
			name = Debug;
		};
		BD766F551A680A1C0076D11E /* Release */ = {
			isa = XCBuildConfiguration;
			buildSettings = {
				BUNDLE_LOADER = "$(TEST_HOST)";
				FRAMEWORK_SEARCH_PATHS = (
					"$(SDKROOT)/Developer/Library/Frameworks",
					"$(inherited)",
				);
				INFOPLIST_FILE = ResearchRunTimeTests/Info.plist;
				LD_RUNPATH_SEARCH_PATHS = "$(inherited) @executable_path/Frameworks @loader_path/Frameworks";
				PRODUCT_NAME = "$(TARGET_NAME)";
				TEST_HOST = "$(BUILT_PRODUCTS_DIR)/ResearchRunTime.app/ResearchRunTime";
			};
			name = Release;
		};
/* End XCBuildConfiguration section */

/* Begin XCConfigurationList section */
		BD766F281A680A1C0076D11E /* Build configuration list for PBXProject "ResearchRunTime" */ = {
			isa = XCConfigurationList;
			buildConfigurations = (
				BD766F4E1A680A1C0076D11E /* Debug */,
				BD766F4F1A680A1C0076D11E /* Release */,
			);
			defaultConfigurationIsVisible = 0;
			defaultConfigurationName = Release;
		};
		BD766F501A680A1C0076D11E /* Build configuration list for PBXNativeTarget "ResearchRunTime" */ = {
			isa = XCConfigurationList;
			buildConfigurations = (
				BD766F511A680A1C0076D11E /* Debug */,
				BD766F521A680A1C0076D11E /* Release */,
			);
			defaultConfigurationIsVisible = 0;
		};
		BD766F531A680A1C0076D11E /* Build configuration list for PBXNativeTarget "ResearchRunTimeTests" */ = {
			isa = XCConfigurationList;
			buildConfigurations = (
				BD766F541A680A1C0076D11E /* Debug */,
				BD766F551A680A1C0076D11E /* Release */,
			);
			defaultConfigurationIsVisible = 0;
		};
/* End XCConfigurationList section */
	};
	rootObject = BD766F251A680A1C0076D11E /* Project object */;
}
